
Microsoft Visual Studio Solution File, Format Version 12.00
# Visual Studio Version 16
VisualStudioVersion = 16.0.33927.289
MinimumVisualStudioVersion = 10.0.40219.1
Project("{FAE04EC0-301F-11D3-BF4B-00C04F79EFBC}") = "Servomotor", "Servomotor\Servomotor.csproj", "{A7CDFCF9-4C83-4BF9-92B2-23B4D21E7160}"
EndProject
Global
	GlobalSection(SolutionConfigurationPlatforms) = preSolution
		Debug|Any CPU = Debug|Any CPU
		Release|Any CPU = Release|Any CPU
	EndGlobalSection
	GlobalSection(ProjectConfigurationPlatforms) = postSolution
		{A7CDFCF9-4C83-4BF9-92B2-23B4D21E7160}.Debug|Any CPU.ActiveCfg = Debug|Any CPU
		{A7CDFCF9-4C83-4BF9-92B2-23B4D21E7160}.Debug|Any CPU.Build.0 = Debug|Any CPU
		{A7CDFCF9-4C83-4BF9-92B2-23B4D21E7160}.Release|Any CPU.ActiveCfg = Release|Any CPU
		{A7CDFCF9-4C83-4BF9-92B2-23B4D21E7160}.Release|Any CPU.Build.0 = Release|Any CPU
	EndGlobalSection
	GlobalSection(SolutionProperties) = preSolution
		HideSolutionNode = FALSE
	EndGlobalSection
	GlobalSection(ExtensibilityGlobals) = postSolution
		SolutionGuid = {AD421639-59E7-499C-9C99-7C325C7382B8}
	EndGlobalSection
EndGlobal
